schema: '2.0'
stages:
  preparation:
    cmd: python src/prepare.py
    deps:
    - path: data/raw/banjar_custom_penjualan.xlsx
      hash: md5
      md5: d3043502083d1464ac3c9e23ebe0b5e6
      size: 80263
    - path: src/prepare.py
      hash: md5
      md5: 27882a1af692c564b04414357e34b24d
      size: 3430
    outs:
    - path: data/prepared/data_summary.json
      hash: md5
      md5: 84dcf04d82dec535f9ca7297cb2c4f2f
      size: 419
    - path: data/prepared/test.csv
      hash: md5
      md5: 8c53f950eb9792df5a0299cd3805c26a
      size: 5503
    - path: data/prepared/train.csv
      hash: md5
      md5: 18859600e6d424bddb70f7e4613cb15a
      size: 21492
    - path: plots/data_distribution.png
      hash: md5
      md5: 843eea597d922492c1b9dd7ac72979f3
      size: 20641
  training:
    cmd: python src/train.py
    deps:
    - path: data/prepared/train.csv
      hash: md5
      md5: 18859600e6d424bddb70f7e4613cb15a
      size: 21492
    - path: src/train.py
      hash: md5
      md5: c1f0f8f3034affc3de7bab7dde184719
      size: 2729
    outs:
    - path: metrics/train_metrics.json
      hash: md5
      md5: 50dc034c4fde033200c4eaca02d3460b
      size: 190
    - path: models/model.pkl
      hash: md5
      md5: 887007f26071eba8401e492f0dd5b312
      size: 29089
  evaluation:
    cmd: python src/evaluate.py
    deps:
    - path: data/prepared/test.csv
      hash: md5
      md5: 8c53f950eb9792df5a0299cd3805c26a
      size: 5503
    - path: models/model.pkl
      hash: md5
      md5: 887007f26071eba8401e492f0dd5b312
      size: 29089
    - path: src/evaluate.py
      hash: md5
      md5: 956cb84547ebd83119d4b11aeb0e6163
      size: 2030
    outs:
    - path: metrics/eval_metrics.json
      hash: md5
      md5: df9e294c8c74fc621d3b999573d004ca
      size: 187
    - path: metrics/test_predictions.csv
      hash: md5
      md5: 1eabcdf2e2cbc53d00662b9600fa943e
      size: 8496
  modeling:
    cmd: python src/modeling.py
    deps:
    - path: data/prepared/test.csv
      hash: md5
      md5: 8c53f950eb9792df5a0299cd3805c26a
      size: 5503
    - path: data/prepared/train.csv
      hash: md5
      md5: 18859600e6d424bddb70f7e4613cb15a
      size: 21492
    - path: src/modeling.py
      hash: md5
      md5: 69b7c5d4820b330d6be6e8e50598a538
      size: 7864
    outs:
    - path: metrics/best_model.json
      hash: md5
      md5: ea0f1f93ae78398dceece13e4abcfc84
      size: 193
    - path: metrics/best_model_predictions.csv
      hash: md5
      md5: c81d03b491fe017558411dec3669e324
      size: 7859
    - path: metrics/experiment_log.csv
      hash: md5
      md5: 4ced7119bae7434abeb67542c085cde5
      size: 311
    - path: models/best_model.pkl
      hash: md5
      md5: f49ecf89b0088f5940c973ead86ffaf1
      size: 276660
    - path: models/decision_tree.pkl
      hash: md5
      md5: 2ed46a09c755709a5a3726ed2bbf7f4e
      size: 16515
    - path: models/gradient_boosting.pkl
      hash: md5
      md5: f49ecf89b0088f5940c973ead86ffaf1
      size: 276660
    - path: models/linear_regression.pkl
      hash: md5
      md5: eb82bf1e38971ff8ccba80fa64061709
      size: 4619
    - path: models/random_forest.pkl
      hash: md5
      md5: 4c6e7ca8a4079eda5649092c6a6c0f8e
      size: 2785018
  prediction:
    cmd: python src/predict.py
    deps:
    - path: models/best_model.pkl
      hash: md5
      md5: f49ecf89b0088f5940c973ead86ffaf1
      size: 276660
    - path: src/predict.py
      hash: md5
      md5: cc9aca15b190fc85ada5728ddea78b9d
      size: 6506
    outs:
    - path: metrics/single_prediction_result.json
      hash: md5
      md5: 1a44d8beff27d6e09520778a7b6db38f
      size: 674
